
Microsoft Visual Studio Solution File, Format Version 12.00
# Visual Studio Version 16
VisualStudioVersion = 16.0.31410.357
MinimumVisualStudioVersion = 10.0.40219.1
Project("{9A19103F-16F7-4668-BE54-9A1E7A4F7556}") = "PngEditor", "PngEditor\PngEditor.csproj", "{754719F6-9D40-4587-9576-8D9821DE4DB2}"
EndProject
Project("{FAE04EC0-301F-11D3-BF4B-00C04F79EFBC}") = "ClassLibrary", "ClassLibrary\ClassLibrary.csproj", "{B6E83169-F104-48C5-95CB-F0A00ADCF729}"
EndProject
Global
	GlobalSection(SolutionConfigurationPlatforms) = preSolution
		Debug|Any CPU = Debug|Any CPU
		Release|Any CPU = Release|Any CPU
	EndGlobalSection
	GlobalSection(ProjectConfigurationPlatforms) = postSolution
		{754719F6-9D40-4587-9576-8D9821DE4DB2}.Debug|Any CPU.ActiveCfg = Debug|Any CPU
		{754719F6-9D40-4587-9576-8D9821DE4DB2}.Debug|Any CPU.Build.0 = Debug|Any CPU
		{754719F6-9D40-4587-9576-8D9821DE4DB2}.Release|Any CPU.ActiveCfg = Release|Any CPU
		{754719F6-9D40-4587-9576-8D9821DE4DB2}.Release|Any CPU.Build.0 = Release|Any CPU
		{B6E83169-F104-48C5-95CB-F0A00ADCF729}.Debug|Any CPU.ActiveCfg = Debug|Any CPU
		{B6E83169-F104-48C5-95CB-F0A00ADCF729}.Debug|Any CPU.Build.0 = Debug|Any CPU
		{B6E83169-F104-48C5-95CB-F0A00ADCF729}.Release|Any CPU.ActiveCfg = Release|Any CPU
		{B6E83169-F104-48C5-95CB-F0A00ADCF729}.Release|Any CPU.Build.0 = Release|Any CPU
	EndGlobalSection
	GlobalSection(SolutionProperties) = preSolution
		HideSolutionNode = FALSE
	EndGlobalSection
	GlobalSection(ExtensibilityGlobals) = postSolution
		SolutionGuid = {F0C55C18-A1D0-4EDD-AA13-3B172A45C3C4}
	EndGlobalSection
EndGlobal
